Microsoft Visual Studio Solution File, Format Version 11.00
# Visual Studio 2008

Project("{8663AA65-9526-E2F4-69F8-E6A3C9CB94BC}") = "Werkstatt001", "Assembly-CSharp-firstpass.csproj", "{5A207FA5-28B1-4188-516A-D93A6B5D19BE}"
EndProject
Project("{8663AA65-9526-E2F4-69F8-E6A3C9CB94BC}") = "Werkstatt001", "Assembly-CSharp.csproj", "{1BB48C9A-C671-D6C6-944F-350E37361979}"
EndProject
Global
	GlobalSection(SolutionConfigurationPlatforms) = preSolution
		Debug|Any CPU = Debug|Any CPU
		Release|Any CPU = Release|Any CPU
	EndGlobalSection
	GlobalSection(ProjectConfigurationPlatforms) = postSolution
		{5A207FA5-28B1-4188-516A-D93A6B5D19BE}.Debug|Any CPU.ActiveCfg = Debug|Any CPU
		{5A207FA5-28B1-4188-516A-D93A6B5D19BE}.Debug|Any CPU.Build.0 = Debug|Any CPU
		{5A207FA5-28B1-4188-516A-D93A6B5D19BE}.Release|Any CPU.ActiveCfg = Release|Any CPU
		{5A207FA5-28B1-4188-516A-D93A6B5D19BE}.Release|Any CPU.Build.0 = Release|Any CPU
		{1BB48C9A-C671-D6C6-944F-350E37361979}.Debug|Any CPU.ActiveCfg = Debug|Any CPU
		{1BB48C9A-C671-D6C6-944F-350E37361979}.Debug|Any CPU.Build.0 = Debug|Any CPU
		{1BB48C9A-C671-D6C6-944F-350E37361979}.Release|Any CPU.ActiveCfg = Release|Any CPU
		{1BB48C9A-C671-D6C6-944F-350E37361979}.Release|Any CPU.Build.0 = Release|Any CPU
	EndGlobalSection
	GlobalSection(SolutionProperties) = preSolution
		HideSolutionNode = FALSE
	EndGlobalSection
	GlobalSection(MonoDevelopProperties) = preSolution
		StartupItem = Assembly-CSharp.csproj
	EndGlobalSection
EndGlobal
